// !$*UTF8*$!
{
	archiveVersion = 1;
	classes = {
	};
	objectVersion = 46;
	objects = {

/* Begin PBXBuildFile section */
		863E8C8216ADDD400051660E /* UIKit.framework in Frameworks */ = {isa = PBXBuildFile; fileRef = 863E8C8116ADDD400051660E /* UIKit.framework */; };
		863E8C8416ADDD400051660E /* Foundation.framework in Frameworks */ = {isa = PBXBuildFile; fileRef = 863E8C8316ADDD400051660E /* Foundation.framework */; };
		863E8C8616ADDD400051660E /* CoreGraphics.framework in Frameworks */ = {isa = PBXBuildFile; fileRef = 863E8C8516ADDD400051660E /* CoreGraphics.framework */; };
		863E8C8C16ADDD400051660E /* InfoPlist.strings in Resources */ = {isa = PBXBuildFile; fileRef = 863E8C8A16ADDD400051660E /* InfoPlist.strings */; };
		863E8C8E16ADDD400051660E /* main.m in Sources */ = {isa = PBXBuildFile; fileRef = 863E8C8D16ADDD400051660E /* main.m */; };
		863E8C9216ADDD400051660E /* AppDelegate.m in Sources */ = {isa = PBXBuildFile; fileRef = 863E8C9116ADDD400051660E /* AppDelegate.m */; };
		863E8C9416ADDD400051660E /* Default.png in Resources */ = {isa = PBXBuildFile; fileRef = 863E8C9316ADDD400051660E /* Default.png */; };
		863E8C9616ADDD400051660E /* Default@2x.png in Resources */ = {isa = PBXBuildFile; fileRef = 863E8C9516ADDD400051660E /* Default@2x.png */; };
		863E8C9816ADDD400051660E /* Default-568h@2x.png in Resources */ = {isa = PBXBuildFile; fileRef = 863E8C9716ADDD400051660E /* Default-568h@2x.png */; };
		863E8C9B16ADDD400051660E /* ViewController.m in Sources */ = {isa = PBXBuildFile; fileRef = 863E8C9A16ADDD400051660E /* ViewController.m */; };
		863E8C9E16ADDD400051660E /* ViewController_iPhone.xib in Resources */ = {isa = PBXBuildFile; fileRef = 863E8C9C16ADDD400051660E /* ViewController_iPhone.xib */; };
		863E8CA116ADDD400051660E /* ViewController_iPad.xib in Resources */ = {isa = PBXBuildFile; fileRef = 863E8C9F16ADDD400051660E /* ViewController_iPad.xib */; };
/* End PBXBuildFile section */

/* Begin PBXFileReference section */
		863E8C7D16ADDD400051660E /* Torque2D.app */ = {isa = PBXFileReference; explicitFileType = wrapper.application; includeInIndex = 0; path = Torque2D.app; sourceTree = BUILT_PRODUCTS_DIR; };
		863E8C8116ADDD400051660E /* UIKit.framework */ = {isa = PBXFileReference; lastKnownFileType = wrapper.framework; name = UIKit.framework; path = System/Library/Frameworks/UIKit.framework; sourceTree = SDKROOT; };
		863E8C8316ADDD400051660E /* Foundation.framework */ = {isa = PBXFileReference; lastKnownFileType = wrapper.framework; name = Foundation.framework; path = System/Library/Frameworks/Foundation.framework; sourceTree = SDKROOT; };
		863E8C8516ADDD400051660E /* CoreGraphics.framework */ = {isa = PBXFileReference; lastKnownFileType = wrapper.framework; name = CoreGraphics.framework; path = System/Library/Frameworks/CoreGraphics.framework; sourceTree = SDKROOT; };
		863E8C8916ADDD400051660E /* Torque2D-Info.plist */ = {isa = PBXFileReference; lastKnownFileType = text.plist.xml; path = "Torque2D-Info.plist"; sourceTree = "<group>"; };
		863E8C8B16ADDD400051660E /* en */ = {isa = PBXFileReference; lastKnownFileType = text.plist.strings; name = en; path = en.lproj/InfoPlist.strings; sourceTree = "<group>"; };
		863E8C8D16ADDD400051660E /* main.m */ = {isa = PBXFileReference; lastKnownFileType = sourcecode.c.objc; path = main.m; sourceTree = "<group>"; };
		863E8C8F16ADDD400051660E /* Torque2D-Prefix.pch */ = {isa = PBXFileReference; lastKnownFileType = sourcecode.c.h; path = "Torque2D-Prefix.pch"; sourceTree = "<group>"; };
		863E8C9016ADDD400051660E /* AppDelegate.h */ = {isa = PBXFileReference; lastKnownFileType = sourcecode.c.h; path = AppDelegate.h; sourceTree = "<group>"; };
		863E8C9116ADDD400051660E /* AppDelegate.m */ = {isa = PBXFileReference; lastKnownFileType = sourcecode.c.objc; path = AppDelegate.m; sourceTree = "<group>"; };
		863E8C9316ADDD400051660E /* Default.png */ = {isa = PBXFileReference; lastKnownFileType = image.png; path = Default.png; sourceTree = "<group>"; };
		863E8C9516ADDD400051660E /* Default@2x.png */ = {isa = PBXFileReference; lastKnownFileType = image.png; path = "Default@2x.png"; sourceTree = "<group>"; };
		863E8C9716ADDD400051660E /* Default-568h@2x.png */ = {isa = PBXFileReference; lastKnownFileType = image.png; path = "Default-568h@2x.png"; sourceTree = "<group>"; };
		863E8C9916ADDD400051660E /* ViewController.h */ = {isa = PBXFileReference; lastKnownFileType = sourcecode.c.h; path = ViewController.h; sourceTree = "<group>"; };
		863E8C9A16ADDD400051660E /* ViewController.m */ = {isa = PBXFileReference; lastKnownFileType = sourcecode.c.objc; path = ViewController.m; sourceTree = "<group>"; };
		863E8C9D16ADDD400051660E /* en */ = {isa = PBXFileReference; lastKnownFileType = file.xib; name = en; path = en.lproj/ViewController_iPhone.xib; sourceTree = "<group>"; };
		863E8CA016ADDD400051660E /* en */ = {isa = PBXFileReference; lastKnownFileType = file.xib; name = en; path = en.lproj/ViewController_iPad.xib; sourceTree = "<group>"; };
/* End PBXFileReference section */

/* Begin PBXFrameworksBuildPhase section */
		863E8C7A16ADDD400051660E /* Frameworks */ = {
			isa = PBXFrameworksBuildPhase;
			buildActionMask = 2147483647;
			files = (
				863E8C8216ADDD400051660E /* UIKit.framework in Frameworks */,
				863E8C8416ADDD400051660E /* Foundation.framework in Frameworks */,
				863E8C8616ADDD400051660E /* CoreGraphics.framework in Frameworks */,
			);
			runOnlyForDeploymentPostprocessing = 0;
		};
/* End PBXFrameworksBuildPhase section */

/* Begin PBXGroup section */
		863E8C7216ADDD400051660E = {
			isa = PBXGroup;
			children = (
				863E8C8716ADDD400051660E /* Torque2D */,
				863E8C8016ADDD400051660E /* Frameworks */,
				863E8C7E16ADDD400051660E /* Products */,
			);
			sourceTree = "<group>";
		};
		863E8C7E16ADDD400051660E /* Products */ = {
			isa = PBXGroup;
			children = (
				863E8C7D16ADDD400051660E /* Torque2D.app */,
			);
			name = Products;
			sourceTree = "<group>";
		};
		863E8C8016ADDD400051660E /* Frameworks */ = {
			isa = PBXGroup;
			children = (
				863E8C8116ADDD400051660E /* UIKit.framework */,
				863E8C8316ADDD400051660E /* Foundation.framework */,
				863E8C8516ADDD400051660E /* CoreGraphics.framework */,
			);
			name = Frameworks;
			sourceTree = "<group>";
		};
		863E8C8716ADDD400051660E /* Torque2D */ = {
			isa = PBXGroup;
			children = (
				863E8C9016ADDD400051660E /* AppDelegate.h */,
				863E8C9116ADDD400051660E /* AppDelegate.m */,
				863E8C9916ADDD400051660E /* ViewController.h */,
				863E8C9A16ADDD400051660E /* ViewController.m */,
				863E8C9C16ADDD400051660E /* ViewController_iPhone.xib */,
				863E8C9F16ADDD400051660E /* ViewController_iPad.xib */,
				863E8C8816ADDD400051660E /* Supporting Files */,
			);
			path = Torque2D;
			sourceTree = "<group>";
		};
		863E8C8816ADDD400051660E /* Supporting Files */ = {
			isa = PBXGroup;
			children = (
				863E8C8916ADDD400051660E /* Torque2D-Info.plist */,
				863E8C8A16ADDD400051660E /* InfoPlist.strings */,
				863E8C8D16ADDD400051660E /* main.m */,
				863E8C8F16ADDD400051660E /* Torque2D-Prefix.pch */,
				863E8C9316ADDD400051660E /* Default.png */,
				863E8C9516ADDD400051660E /* Default@2x.png */,
				863E8C9716ADDD400051660E /* Default-568h@2x.png */,
			);
			name = "Supporting Files";
			sourceTree = "<group>";
		};
/* End PBXGroup section */

/* Begin PBXNativeTarget section */
		863E8C7C16ADDD400051660E /* Torque2D */ = {
			isa = PBXNativeTarget;
			buildConfigurationList = 863E8CA416ADDD400051660E /* Build configuration list for PBXNativeTarget "Torque2D" */;
			buildPhases = (
				863E8C7916ADDD400051660E /* Sources */,
				863E8C7A16ADDD400051660E /* Frameworks */,
				863E8C7B16ADDD400051660E /* Resources */,
			);
			buildRules = (
			);
			dependencies = (
			);
			name = Torque2D;
			productName = Torque2D;
			productReference = 863E8C7D16ADDD400051660E /* Torque2D.app */;
			productType = "com.apple.product-type.application";
		};
/* End PBXNativeTarget section */

/* Begin PBXProject section */
		863E8C7416ADDD400051660E /* Project object */ = {
			isa = PBXProject;
			attributes = {
				LastUpgradeCheck = 0450;
				ORGANIZATIONNAME = "Michael Perry";
			};
			buildConfigurationList = 863E8C7716ADDD400051660E /* Build configuration list for PBXProject "Torque2D" */;
			compatibilityVersion = "Xcode 3.2";
			developmentRegion = English;
			hasScannedForEncodings = 0;
			knownRegions = (
				en,
			);
			mainGroup = 863E8C7216ADDD400051660E;
			productRefGroup = 863E8C7E16ADDD400051660E /* Products */;
			projectDirPath = "";
			projectRoot = "";
			targets = (
				863E8C7C16ADDD400051660E /* Torque2D */,
			);
		};
/* End PBXProject section */

/* Begin PBXResourcesBuildPhase section */
		863E8C7B16ADDD400051660E /* Resources */ = {
			isa = PBXResourcesBuildPhase;
			buildActionMask = 2147483647;
			files = (
				863E8C8C16ADDD400051660E /* InfoPlist.strings in Resources */,
				863E8C9416ADDD400051660E /* Default.png in Resources */,
				863E8C9616ADDD400051660E /* Default@2x.png in Resources */,
				863E8C9816ADDD400051660E /* Default-568h@2x.png in Resources */,
				863E8C9E16ADDD400051660E /* ViewController_iPhone.xib in Resources */,
				863E8CA116ADDD400051660E /* ViewController_iPad.xib in Resources */,
			);
			runOnlyForDeploymentPostprocessing = 0;
		};
/* End PBXResourcesBuildPhase section */

/* Begin PBXSourcesBuildPhase section */
		863E8C7916ADDD400051660E /* Sources */ = {
			isa = PBXSourcesBuildPhase;
			buildActionMask = 2147483647;
			files = (
				863E8C8E16ADDD400051660E /* main.m in Sources */,
				863E8C9216ADDD400051660E /* AppDelegate.m in Sources */,
				863E8C9B16ADDD400051660E /* ViewController.m in Sources */,
			);
			runOnlyForDeploymentPostprocessing = 0;
		};
/* End PBXSourcesBuildPhase section */

/* Begin PBXVariantGroup section */
		863E8C8A16ADDD400051660E /* InfoPlist.strings */ = {
			isa = PBXVariantGroup;
			children = (
				863E8C8B16ADDD400051660E /* en */,
			);
			name = InfoPlist.strings;
			sourceTree = "<group>";
		};
		863E8C9C16ADDD400051660E /* ViewController_iPhone.xib */ = {
			isa = PBXVariantGroup;
			children = (
				863E8C9D16ADDD400051660E /* en */,
			);
			name = ViewController_iPhone.xib;
			sourceTree = "<group>";
		};
		863E8C9F16ADDD400051660E /* ViewController_iPad.xib */ = {
			isa = PBXVariantGroup;
			children = (
				863E8CA016ADDD400051660E /* en */,
			);
			name = ViewController_iPad.xib;
			sourceTree = "<group>";
		};
/* End PBXVariantGroup section */

/* Begin XCBuildConfiguration section */
		863E8CA216ADDD400051660E /* Debug */ = {
			isa = XCBuildConfiguration;
			buildSettings = {
				ALWAYS_SEARCH_USER_PATHS = NO;
				CLANG_CXX_LANGUAGE_STANDARD = "gnu++0x";
				CLANG_CXX_LIBRARY = "libc++";
				CLANG_WARN_EMPTY_BODY = YES;
				CLANG_WARN__DUPLICATE_METHOD_MATCH = YES;
				"CODE_SIGN_IDENTITY[sdk=iphoneos*]" = "iPhone Developer";
				COPY_PHASE_STRIP = NO;
				GCC_C_LANGUAGE_STANDARD = gnu99;
				GCC_DYNAMIC_NO_PIC = NO;
				GCC_OPTIMIZATION_LEVEL = 0;
				GCC_PREPROCESSOR_DEFINITIONS = (
					"DEBUG=1",
					"$(inherited)",
				);
				GCC_SYMBOLS_PRIVATE_EXTERN = NO;
				GCC_WARN_ABOUT_RETURN_TYPE = YES;
				GCC_WARN_UNINITIALIZED_AUTOS = YES;
				GCC_WARN_UNUSED_VARIABLE = YES;
				IPHONEOS_DEPLOYMENT_TARGET = 6.0;
				ONLY_ACTIVE_ARCH = YES;
				SDKROOT = iphoneos;
				TARGETED_DEVICE_FAMILY = "1,2";
			};
			name = Debug;
		};
		863E8CA316ADDD400051660E /* Release */ = {
			isa = XCBuildConfiguration;
			buildSettings = {
				ALWAYS_SEARCH_USER_PATHS = NO;
				CLANG_CXX_LANGUAGE_STANDARD = "gnu++0x";
				CLANG_CXX_LIBRARY = "libc++";
				CLANG_WARN_EMPTY_BODY = YES;
				CLANG_WARN__DUPLICATE_METHOD_MATCH = YES;
				"CODE_SIGN_IDENTITY[sdk=iphoneos*]" = "iPhone Developer";
				COPY_PHASE_STRIP = YES;
				GCC_C_LANGUAGE_STANDARD = gnu99;
				GCC_WARN_ABOUT_RETURN_TYPE = YES;
				GCC_WARN_UNINITIALIZED_AUTOS = YES;
				GCC_WARN_UNUSED_VARIABLE = YES;
				IPHONEOS_DEPLOYMENT_TARGET = 6.0;
				OTHER_CFLAGS = "-DNS_BLOCK_ASSERTIONS=1";
				SDKROOT = iphoneos;
				TARGETED_DEVICE_FAMILY = "1,2";
				VALIDATE_PRODUCT = YES;
			};
			name = Release;
		};
		863E8CA516ADDD400051660E /* Debug */ = {
			isa = XCBuildConfiguration;
			buildSettings = {
				GCC_PRECOMPILE_PREFIX_HEADER = YES;
				GCC_PREFIX_HEADER = "Torque2D/Torque2D-Prefix.pch";
				INFOPLIST_FILE = "Torque2D/Torque2D-Info.plist";
				PRODUCT_NAME = "$(TARGET_NAME)";
				WRAPPER_EXTENSION = app;
			};
			name = Debug;
		};
		863E8CA616ADDD400051660E /* Release */ = {
			isa = XCBuildConfiguration;
			buildSettings = {
				GCC_PRECOMPILE_PREFIX_HEADER = YES;
				GCC_PREFIX_HEADER = "Torque2D/Torque2D-Prefix.pch";
				INFOPLIST_FILE = "Torque2D/Torque2D-Info.plist";
				PRODUCT_NAME = "$(TARGET_NAME)";
				WRAPPER_EXTENSION = app;
			};
			name = Release;
		};
/* End XCBuildConfiguration section */

/* Begin XCConfigurationList section */
		863E8C7716ADDD400051660E /* Build configuration list for PBXProject "Torque2D" */ = {
			isa = XCConfigurationList;
			buildConfigurations = (
				863E8CA216ADDD400051660E /* Debug */,
				863E8CA316ADDD400051660E /* Release */,
			);
			defaultConfigurationIsVisible = 0;
			defaultConfigurationName = Release;
		};
		863E8CA416ADDD400051660E /* Build configuration list for PBXNativeTarget "Torque2D" */ = {
			isa = XCConfigurationList;
			buildConfigurations = (
				863E8CA516ADDD400051660E /* Debug */,
				863E8CA616ADDD400051660E /* Release */,
			);
			defaultConfigurationIsVisible = 0;
		};
/* End XCConfigurationList section */
	};
	rootObject = 863E8C7416ADDD400051660E /* Project object */;
}
